
Microsoft Visual Studio Solution File, Format Version 12.00
# Visual Studio 15
Project("{FAE04EC0-301F-11D3-BF4B-00C04F79EFBC}") = "Assembly-CSharp", "Assembly-CSharp.csproj", "{6FA742BB-5E72-0CDA-D2A5-8E69ED340EBB}"
EndProject
Project("{FAE04EC0-301F-11D3-BF4B-00C04F79EFBC}") = "Assembly-CSharp-Editor", "Assembly-CSharp-Editor.csproj", "{CD9BFF05-198B-CC7D-D0B1-4DF20760C88C}"
EndProject
Global
	GlobalSection(SolutionConfigurationPlatforms) = preSolution
		Debug|Any CPU = Debug|Any CPU
		Release|Any CPU = Release|Any CPU
	EndGlobalSection
	GlobalSection(ProjectConfigurationPlatforms) = postSolution
		{6FA742BB-5E72-0CDA-D2A5-8E69ED340EBB}.Debug|Any CPU.ActiveCfg = Debug|Any CPU
		{6FA742BB-5E72-0CDA-D2A5-8E69ED340EBB}.Debug|Any CPU.Build.0 = Debug|Any CPU
		{6FA742BB-5E72-0CDA-D2A5-8E69ED340EBB}.Release|Any CPU.ActiveCfg = Release|Any CPU
		{6FA742BB-5E72-0CDA-D2A5-8E69ED340EBB}.Release|Any CPU.Build.0 = Release|Any CPU
		{CD9BFF05-198B-CC7D-D0B1-4DF20760C88C}.Debug|Any CPU.ActiveCfg = Debug|Any CPU
		{CD9BFF05-198B-CC7D-D0B1-4DF20760C88C}.Debug|Any CPU.Build.0 = Debug|Any CPU
		{CD9BFF05-198B-CC7D-D0B1-4DF20760C88C}.Release|Any CPU.ActiveCfg = Release|Any CPU
		{CD9BFF05-198B-CC7D-D0B1-4DF20760C88C}.Release|Any CPU.Build.0 = Release|Any CPU
	EndGlobalSection
	GlobalSection(SolutionProperties) = preSolution
		HideSolutionNode = FALSE
	EndGlobalSection
EndGlobal
